
Microsoft Visual Studio Solution File, Format Version 12.00
# Visual Studio Version 17
VisualStudioVersion = 17.7.34202.233
MinimumVisualStudioVersion = 10.0.40219.1
Project("{FAE04EC0-301F-11D3-BF4B-00C04F79EFBC}") = "AnimeTitlesApp", "AnimeTitlesApp\AnimeTitlesApp.csproj", "{AED6D400-F57E-4AFD-8BAC-2916A86C0615}"
EndProject
Global
	GlobalSection(SolutionConfigurationPlatforms) = preSolution
		Debug|Any CPU = Debug|Any CPU
		Release|Any CPU = Release|Any CPU
	EndGlobalSection
	GlobalSection(ProjectConfigurationPlatforms) = postSolution
		{AED6D400-F57E-4AFD-8BAC-2916A86C0615}.Debug|Any CPU.ActiveCfg = Debug|Any CPU
		{AED6D400-F57E-4AFD-8BAC-2916A86C0615}.Debug|Any CPU.Build.0 = Debug|Any CPU
		{AED6D400-F57E-4AFD-8BAC-2916A86C0615}.Release|Any CPU.ActiveCfg = Release|Any CPU
		{AED6D400-F57E-4AFD-8BAC-2916A86C0615}.Release|Any CPU.Build.0 = Release|Any CPU
	EndGlobalSection
	GlobalSection(SolutionProperties) = preSolution
		HideSolutionNode = FALSE
	EndGlobalSection
	GlobalSection(ExtensibilityGlobals) = postSolution
		SolutionGuid = {78D80193-067B-43D5-8D2C-B7DF11BAFCB1}
	EndGlobalSection
EndGlobal
